// !$*UTF8*$!
{
	archiveVersion = 1;
	classes = {
	};
	objectVersion = 46;
	objects = {

/* Begin PBXBuildFile section */
		B8F17D7546981A80AF6CB969 /* Pods_yanToday.framework in Frameworks */ = {isa = PBXBuildFile; fileRef = 1156EA5D89B9FD59BF98722C /* Pods_yanToday.framework */; };
		C29CE22A1EC0AEF700BB505C /* AppDelegate.swift in Sources */ = {isa = PBXBuildFile; fileRef = C29CE2291EC0AEF700BB505C /* AppDelegate.swift */; };
		C29CE22C1EC0AEF700BB505C /* ViewController.swift in Sources */ = {isa = PBXBuildFile; fileRef = C29CE22B1EC0AEF700BB505C /* ViewController.swift */; };
		C29CE22F1EC0AEF700BB505C /* Main.storyboard in Resources */ = {isa = PBXBuildFile; fileRef = C29CE22D1EC0AEF700BB505C /* Main.storyboard */; };
		C29CE2311EC0AEF700BB505C /* Assets.xcassets in Resources */ = {isa = PBXBuildFile; fileRef = C29CE2301EC0AEF700BB505C /* Assets.xcassets */; };
		C29CE2341EC0AEF700BB505C /* LaunchScreen.storyboard in Resources */ = {isa = PBXBuildFile; fileRef = C29CE2321EC0AEF700BB505C /* LaunchScreen.storyboard */; };
		C29CE23F1EC0AEF700BB505C /* yanwenziTests.swift in Sources */ = {isa = PBXBuildFile; fileRef = C29CE23E1EC0AEF700BB505C /* yanwenziTests.swift */; };
		C29CE24A1EC0AEF700BB505C /* yanwenziUITests.swift in Sources */ = {isa = PBXBuildFile; fileRef = C29CE2491EC0AEF700BB505C /* yanwenziUITests.swift */; };
		C2C0F10B1EC1ADE500017768 /* KeyboardViewController.swift in Sources */ = {isa = PBXBuildFile; fileRef = C2C0F10A1EC1ADE500017768 /* KeyboardViewController.swift */; };
		C2C0F10F1EC1ADE500017768 /* yanInput.appex in Embed App Extensions */ = {isa = PBXBuildFile; fileRef = C2C0F1081EC1ADE500017768 /* yanInput.appex */; settings = {ATTRIBUTES = (RemoveHeadersOnCopy, ); }; };
		C2C0F11A1EC1AE1B00017768 /* NotificationCenter.framework in Frameworks */ = {isa = PBXBuildFile; fileRef = C2C0F1191EC1AE1B00017768 /* NotificationCenter.framework */; };
		C2C0F11D1EC1AE1B00017768 /* TodayViewController.swift in Sources */ = {isa = PBXBuildFile; fileRef = C2C0F11C1EC1AE1B00017768 /* TodayViewController.swift */; };
		C2C0F1201EC1AE1B00017768 /* MainInterface.storyboard in Resources */ = {isa = PBXBuildFile; fileRef = C2C0F11E1EC1AE1B00017768 /* MainInterface.storyboard */; };
		C2C0F1241EC1AE1B00017768 /* yanToday.appex in Embed App Extensions */ = {isa = PBXBuildFile; fileRef = C2C0F1181EC1AE1B00017768 /* yanToday.appex */; settings = {ATTRIBUTES = (RemoveHeadersOnCopy, ); }; };
		C2F21F8D1ECC1F83000FCDB9 /* YANKit.framework in Frameworks */ = {isa = PBXBuildFile; fileRef = C2F21F841ECC1F83000FCDB9 /* YANKit.framework */; };
		C2F21F941ECC1F83000FCDB9 /* YANKitTests.m in Sources */ = {isa = PBXBuildFile; fileRef = C2F21F931ECC1F83000FCDB9 /* YANKitTests.m */; };
		C2F21F961ECC1F83000FCDB9 /* YANKit.h in Headers */ = {isa = PBXBuildFile; fileRef = C2F21F861ECC1F83000FCDB9 /* YANKit.h */; settings = {ATTRIBUTES = (Public, ); }; };
		C2F21F991ECC1F83000FCDB9 /* YANKit.framework in Frameworks */ = {isa = PBXBuildFile; fileRef = C2F21F841ECC1F83000FCDB9 /* YANKit.framework */; };
		C2F21F9A1ECC1F83000FCDB9 /* YANKit.framework in Embed Frameworks */ = {isa = PBXBuildFile; fileRef = C2F21F841ECC1F83000FCDB9 /* YANKit.framework */; settings = {ATTRIBUTES = (CodeSignOnCopy, RemoveHeadersOnCopy, ); }; };
		C2F21FA31ECC1FBE000FCDB9 /* YanNetKit.swift in Sources */ = {isa = PBXBuildFile; fileRef = C2F21FA21ECC1FBE000FCDB9 /* YanNetKit.swift */; };
		C406D167338917DF93213AF3 /* Pods_yanwenziUITests.framework in Frameworks */ = {isa = PBXBuildFile; fileRef = 6A6DB3E37BE45B503429BCB9 /* Pods_yanwenziUITests.framework */; };
		CCD0884C0D767E0D43A0D995 /* Pods_yanwenziTests.framework in Frameworks */ = {isa = PBXBuildFile; fileRef = E0BECE9623BEBFA6879667B4 /* Pods_yanwenziTests.framework */; };
		D5A492AF3ACD5471E6DBE6E9 /* Pods_yanwenzi.framework in Frameworks */ = {isa = PBXBuildFile; fileRef = 0C1708157802F22DF3D58E4D /* Pods_yanwenzi.framework */; };
		D73EF2CD5A59685E450ED008 /* Pods_YANKit.framework in Frameworks */ = {isa = PBXBuildFile; fileRef = 02D6A1561CF1106FAF60E803 /* Pods_YANKit.framework */; };
		DCD7A2CFDD7B4E2066AE4F65 /* Pods_yanInput.framework in Frameworks */ = {isa = PBXBuildFile; fileRef = 326CABAABB53FAFCCBE2BE58 /* Pods_yanInput.framework */; };
/* End PBXBuildFile section */

/* Begin PBXContainerItemProxy section */
		C29CE23B1EC0AEF700BB505C /* PBXContainerItemProxy */ = {
			isa = PBXContainerItemProxy;
			containerPortal = C29CE21E1EC0AEF700BB505C /* Project object */;
			proxyType = 1;
			remoteGlobalIDString = C29CE2251EC0AEF700BB505C;
			remoteInfo = yanwenzi;
		};
		C29CE2461EC0AEF700BB505C /* PBXContainerItemProxy */ = {
			isa = PBXContainerItemProxy;
			containerPortal = C29CE21E1EC0AEF700BB505C /* Project object */;
			proxyType = 1;
			remoteGlobalIDString = C29CE2251EC0AEF700BB505C;
			remoteInfo = yanwenzi;
		};
		C2C0F10D1EC1ADE500017768 /* PBXContainerItemProxy */ = {
			isa = PBXContainerItemProxy;
			containerPortal = C29CE21E1EC0AEF700BB505C /* Project object */;
			proxyType = 1;
			remoteGlobalIDString = C2C0F1071EC1ADE500017768;
			remoteInfo = yanInput;
		};
		C2C0F1221EC1AE1B00017768 /* PBXContainerItemProxy */ = {
			isa = PBXContainerItemProxy;
			containerPortal = C29CE21E1EC0AEF700BB505C /* Project object */;
			proxyType = 1;
			remoteGlobalIDString = C2C0F1171EC1AE1B00017768;
			remoteInfo = yanToday;
		};
		C2F21F8E1ECC1F83000FCDB9 /* PBXContainerItemProxy */ = {
			isa = PBXContainerItemProxy;
			containerPortal = C29CE21E1EC0AEF700BB505C /* Project object */;
			proxyType = 1;
			remoteGlobalIDString = C2F21F831ECC1F83000FCDB9;
			remoteInfo = YANKit;
		};
		C2F21F901ECC1F83000FCDB9 /* PBXContainerItemProxy */ = {
			isa = PBXContainerItemProxy;
			containerPortal = C29CE21E1EC0AEF700BB505C /* Project object */;
			proxyType = 1;
			remoteGlobalIDString = C29CE2251EC0AEF700BB505C;
			remoteInfo = yanwenzi;
		};
		C2F21F971ECC1F83000FCDB9 /* PBXContainerItemProxy */ = {
			isa = PBXContainerItemProxy;
			containerPortal = C29CE21E1EC0AEF700BB505C /* Project object */;
			proxyType = 1;
			remoteGlobalIDString = C2F21F831ECC1F83000FCDB9;
			remoteInfo = YANKit;
		};
/* End PBXContainerItemProxy section */

/* Begin PBXCopyFilesBuildPhase section */
		C2C0F1131EC1ADE500017768 /* Embed App Extensions */ = {
			isa = PBXCopyFilesBuildPhase;
			buildActionMask = 2147483647;
			dstPath = "";
			dstSubfolderSpec = 13;
			files = (
				C2C0F10F1EC1ADE500017768 /* yanInput.appex in Embed App Extensions */,
				C2C0F1241EC1AE1B00017768 /* yanToday.appex in Embed App Extensions */,
			);
			name = "Embed App Extensions";
			runOnlyForDeploymentPostprocessing = 0;
		};
		C2F21F9E1ECC1F83000FCDB9 /* Embed Frameworks */ = {
			isa = PBXCopyFilesBuildPhase;
			buildActionMask = 2147483647;
			dstPath = "";
			dstSubfolderSpec = 10;
			files = (
				C2F21F9A1ECC1F83000FCDB9 /* YANKit.framework in Embed Frameworks */,
			);
			name = "Embed Frameworks";
			runOnlyForDeploymentPostprocessing = 0;
		};
/* End PBXCopyFilesBuildPhase section */

/* Begin PBXFileReference section */
		00FB99AD56775EC89E9942F3 /* Pods-YANKit.debug.xcconfig */ = {isa = PBXFileReference; includeInIndex = 1; lastKnownFileType = text.xcconfig; name = "Pods-YANKit.debug.xcconfig"; path = "Pods/Target Support Files/Pods-YANKit/Pods-YANKit.debug.xcconfig"; sourceTree = "<group>"; };
		02D6A1561CF1106FAF60E803 /* Pods_YANKit.framework */ = {isa = PBXFileReference; explicitFileType = wrapper.framework; includeInIndex = 0; path = Pods_YANKit.framework; sourceTree = BUILT_PRODUCTS_DIR; };
		0C1708157802F22DF3D58E4D /* Pods_yanwenzi.framework */ = {isa = PBXFileReference; explicitFileType = wrapper.framework; includeInIndex = 0; path = Pods_yanwenzi.framework; sourceTree = BUILT_PRODUCTS_DIR; };
		1156EA5D89B9FD59BF98722C /* Pods_yanToday.framework */ = {isa = PBXFileReference; explicitFileType = wrapper.framework; includeInIndex = 0; path = Pods_yanToday.framework; sourceTree = BUILT_PRODUCTS_DIR; };
		1648BC2CEF0A579EF25094D7 /* Pods-yanwenzi.debug.xcconfig */ = {isa = PBXFileReference; includeInIndex = 1; lastKnownFileType = text.xcconfig; name = "Pods-yanwenzi.debug.xcconfig"; path = "Pods/Target Support Files/Pods-yanwenzi/Pods-yanwenzi.debug.xcconfig"; sourceTree = "<group>"; };
		1727CD3299322F337E5819A5 /* Pods-yanwenziUITests.debug.xcconfig */ = {isa = PBXFileReference; includeInIndex = 1; lastKnownFileType = text.xcconfig; name = "Pods-yanwenziUITests.debug.xcconfig"; path = "Pods/Target Support Files/Pods-yanwenziUITests/Pods-yanwenziUITests.debug.xcconfig"; sourceTree = "<group>"; };
		2F94FA7C018691E17934A3E5 /* Pods-YANKit.release.xcconfig */ = {isa = PBXFileReference; includeInIndex = 1; lastKnownFileType = text.xcconfig; name = "Pods-YANKit.release.xcconfig"; path = "Pods/Target Support Files/Pods-YANKit/Pods-YANKit.release.xcconfig"; sourceTree = "<group>"; };
		326CABAABB53FAFCCBE2BE58 /* Pods_yanInput.framework */ = {isa = PBXFileReference; explicitFileType = wrapper.framework; includeInIndex = 0; path = Pods_yanInput.framework; sourceTree = BUILT_PRODUCTS_DIR; };
		3E508C3CE38F2B1C9B8B674E /* Pods-yanwenziUITests.release.xcconfig */ = {isa = PBXFileReference; includeInIndex = 1; lastKnownFileType = text.xcconfig; name = "Pods-yanwenziUITests.release.xcconfig"; path = "Pods/Target Support Files/Pods-yanwenziUITests/Pods-yanwenziUITests.release.xcconfig"; sourceTree = "<group>"; };
		42FE5AE3FFB3A94F900A4866 /* Pods-yanwenzi.release.xcconfig */ = {isa = PBXFileReference; includeInIndex = 1; lastKnownFileType = text.xcconfig; name = "Pods-yanwenzi.release.xcconfig"; path = "Pods/Target Support Files/Pods-yanwenzi/Pods-yanwenzi.release.xcconfig"; sourceTree = "<group>"; };
		45DFF97B6A3AE6C0169B0101 /* Pods-yanToday.debug.xcconfig */ = {isa = PBXFileReference; includeInIndex = 1; lastKnownFileType = text.xcconfig; name = "Pods-yanToday.debug.xcconfig"; path = "Pods/Target Support Files/Pods-yanToday/Pods-yanToday.debug.xcconfig"; sourceTree = "<group>"; };
		5A97BE847BDA54B8C0B61F28 /* Pods-yanInput.release.xcconfig */ = {isa = PBXFileReference; includeInIndex = 1; lastKnownFileType = text.xcconfig; name = "Pods-yanInput.release.xcconfig"; path = "Pods/Target Support Files/Pods-yanInput/Pods-yanInput.release.xcconfig"; sourceTree = "<group>"; };
		61756FF1EC70F749F6BD765A /* Pods-yanToday.release.xcconfig */ = {isa = PBXFileReference; includeInIndex = 1; lastKnownFileType = text.xcconfig; name = "Pods-yanToday.release.xcconfig"; path = "Pods/Target Support Files/Pods-yanToday/Pods-yanToday.release.xcconfig"; sourceTree = "<group>"; };
		6A6DB3E37BE45B503429BCB9 /* Pods_yanwenziUITests.framework */ = {isa = PBXFileReference; explicitFileType = wrapper.framework; includeInIndex = 0; path = Pods_yanwenziUITests.framework; sourceTree = BUILT_PRODUCTS_DIR; };
		83C72C6D897FDF2CACD55DF2 /* Pods-yanInput.debug.xcconfig */ = {isa = PBXFileReference; includeInIndex = 1; lastKnownFileType = text.xcconfig; name = "Pods-yanInput.debug.xcconfig"; path = "Pods/Target Support Files/Pods-yanInput/Pods-yanInput.debug.xcconfig"; sourceTree = "<group>"; };
		A838E91A57C699BE54AF067E /* Pods-yanwenziTests.release.xcconfig */ = {isa = PBXFileReference; includeInIndex = 1; lastKnownFileType = text.xcconfig; name = "Pods-yanwenziTests.release.xcconfig"; path = "Pods/Target Support Files/Pods-yanwenziTests/Pods-yanwenziTests.release.xcconfig"; sourceTree = "<group>"; };
		C29CE2261EC0AEF700BB505C /* yanwenzi.app */ = {isa = PBXFileReference; explicitFileType = wrapper.application; includeInIndex = 0; path = yanwenzi.app; sourceTree = BUILT_PRODUCTS_DIR; };
		C29CE2291EC0AEF700BB505C /* AppDelegate.swift */ = {isa = PBXFileReference; lastKnownFileType = sourcecode.swift; path = AppDelegate.swift; sourceTree = "<group>"; };
		C29CE22B1EC0AEF700BB505C /* ViewController.swift */ = {isa = PBXFileReference; lastKnownFileType = sourcecode.swift; path = ViewController.swift; sourceTree = "<group>"; };
		C29CE22E1EC0AEF700BB505C /* Base */ = {isa = PBXFileReference; lastKnownFileType = file.storyboard; name = Base; path = Base.lproj/Main.storyboard; sourceTree = "<group>"; };
		C29CE2301EC0AEF700BB505C /* Assets.xcassets */ = {isa = PBXFileReference; lastKnownFileType = folder.assetcatalog; path = Assets.xcassets; sourceTree = "<group>"; };
		C29CE2331EC0AEF700BB505C /* Base */ = {isa = PBXFileReference; lastKnownFileType = file.storyboard; name = Base; path = Base.lproj/LaunchScreen.storyboard; sourceTree = "<group>"; };
		C29CE2351EC0AEF700BB505C /* Info.plist */ = {isa = PBXFileReference; lastKnownFileType = text.plist.xml; path = Info.plist; sourceTree = "<group>"; };
		C29CE23A1EC0AEF700BB505C /* yanwenziTests.xctest */ = {isa = PBXFileReference; explicitFileType = wrapper.cfbundle; includeInIndex = 0; path = yanwenziTests.xctest; sourceTree = BUILT_PRODUCTS_DIR; };
		C29CE23E1EC0AEF700BB505C /* yanwenziTests.swift */ = {isa = PBXFileReference; lastKnownFileType = sourcecode.swift; path = yanwenziTests.swift; sourceTree = "<group>"; };
		C29CE2401EC0AEF700BB505C /* Info.plist */ = {isa = PBXFileReference; lastKnownFileType = text.plist.xml; path = Info.plist; sourceTree = "<group>"; };
		C29CE2451EC0AEF700BB505C /* yanwenziUITests.xctest */ = {isa = PBXFileReference; explicitFileType = wrapper.cfbundle; includeInIndex = 0; path = yanwenziUITests.xctest; sourceTree = BUILT_PRODUCTS_DIR; };
		C29CE2491EC0AEF700BB505C /* yanwenziUITests.swift */ = {isa = PBXFileReference; lastKnownFileType = sourcecode.swift; path = yanwenziUITests.swift; sourceTree = "<group>"; };
		C29CE24B1EC0AEF700BB505C /* Info.plist */ = {isa = PBXFileReference; lastKnownFileType = text.plist.xml; path = Info.plist; sourceTree = "<group>"; };
		C2C0F1081EC1ADE500017768 /* yanInput.appex */ = {isa = PBXFileReference; explicitFileType = "wrapper.app-extension"; includeInIndex = 0; path = yanInput.appex; sourceTree = BUILT_PRODUCTS_DIR; };
		C2C0F10A1EC1ADE500017768 /* KeyboardViewController.swift */ = {isa = PBXFileReference; lastKnownFileType = sourcecode.swift; path = KeyboardViewController.swift; sourceTree = "<group>"; };
		C2C0F10C1EC1ADE500017768 /* Info.plist */ = {isa = PBXFileReference; lastKnownFileType = text.plist.xml; path = Info.plist; sourceTree = "<group>"; };
		C2C0F1181EC1AE1B00017768 /* yanToday.appex */ = {isa = PBXFileReference; explicitFileType = "wrapper.app-extension"; includeInIndex = 0; path = yanToday.appex; sourceTree = BUILT_PRODUCTS_DIR; };
		C2C0F1191EC1AE1B00017768 /* NotificationCenter.framework */ = {isa = PBXFileReference; lastKnownFileType = wrapper.framework; name = NotificationCenter.framework; path = System/Library/Frameworks/NotificationCenter.framework; sourceTree = SDKROOT; };
		C2C0F11C1EC1AE1B00017768 /* TodayViewController.swift */ = {isa = PBXFileReference; lastKnownFileType = sourcecode.swift; path = TodayViewController.swift; sourceTree = "<group>"; };
		C2C0F11F1EC1AE1B00017768 /* Base */ = {isa = PBXFileReference; lastKnownFileType = file.storyboard; name = Base; path = Base.lproj/MainInterface.storyboard; sourceTree = "<group>"; };
		C2C0F1211EC1AE1B00017768 /* Info.plist */ = {isa = PBXFileReference; lastKnownFileType = text.plist.xml; path = Info.plist; sourceTree = "<group>"; };
		C2F21F7B1ECC1F06000FCDB9 /* Alamofire.framework */ = {isa = PBXFileReference; lastKnownFileType = wrapper.framework; name = Alamofire.framework; path = "../../../../Library/Developer/Xcode/DerivedData/yanwenzi-aldzmfkitxmewkdqjdxwwyfqhtdx/Build/Products/Debug-iphonesimulator/Alamofire/Alamofire.framework"; sourceTree = "<group>"; };
		C2F21F7D1ECC1F0C000FCDB9 /* SnapKit.framework */ = {isa = PBXFileReference; lastKnownFileType = wrapper.framework; name = SnapKit.framework; path = "../../../../Library/Developer/Xcode/DerivedData/yanwenzi-aldzmfkitxmewkdqjdxwwyfqhtdx/Build/Products/Debug-iphonesimulator/SnapKit/SnapKit.framework"; sourceTree = "<group>"; };
		C2F21F841ECC1F83000FCDB9 /* YANKit.framework */ = {isa = PBXFileReference; explicitFileType = wrapper.framework; includeInIndex = 0; path = YANKit.framework; sourceTree = BUILT_PRODUCTS_DIR; };
		C2F21F861ECC1F83000FCDB9 /* YANKit.h */ = {isa = PBXFileReference; lastKnownFileType = sourcecode.c.h; path = YANKit.h; sourceTree = "<group>"; };
		C2F21F871ECC1F83000FCDB9 /* Info.plist */ = {isa = PBXFileReference; lastKnownFileType = text.plist.xml; path = Info.plist; sourceTree = "<group>"; };
		C2F21F8C1ECC1F83000FCDB9 /* YANKitTests.xctest */ = {isa = PBXFileReference; explicitFileType = wrapper.cfbundle; includeInIndex = 0; path = YANKitTests.xctest; sourceTree = BUILT_PRODUCTS_DIR; };
		C2F21F931ECC1F83000FCDB9 /* YANKitTests.m */ = {isa = PBXFileReference; lastKnownFileType = sourcecode.c.objc; path = YANKitTests.m; sourceTree = "<group>"; };
		C2F21F951ECC1F83000FCDB9 /* Info.plist */ = {isa = PBXFileReference; lastKnownFileType = text.plist.xml; path = Info.plist; sourceTree = "<group>"; };
		C2F21FA21ECC1FBE000FCDB9 /* YanNetKit.swift */ = {isa = PBXFileReference; fileEncoding = 4; lastKnownFileType = sourcecode.swift; path = YanNetKit.swift; sourceTree = "<group>"; };
		C2F21FA61ECC3434000FCDB9 /* yanwenzi.entitlements */ = {isa = PBXFileReference; lastKnownFileType = text.plist.entitlements; path = yanwenzi.entitlements; sourceTree = "<group>"; };
		DAE7B456873F2DA1D8538115 /* Pods-yanwenziTests.debug.xcconfig */ = {isa = PBXFileReference; includeInIndex = 1; lastKnownFileType = text.xcconfig; name = "Pods-yanwenziTests.debug.xcconfig"; path = "Pods/Target Support Files/Pods-yanwenziTests/Pods-yanwenziTests.debug.xcconfig"; sourceTree = "<group>"; };
		E0BECE9623BEBFA6879667B4 /* Pods_yanwenziTests.framework */ = {isa = PBXFileReference; explicitFileType = wrapper.framework; includeInIndex = 0; path = Pods_yanwenziTests.framework; sourceTree = BUILT_PRODUCTS_DIR; };
/* End PBXFileReference section */

/* Begin PBXFrameworksBuildPhase section */
		C29CE2231EC0AEF700BB505C /* Frameworks */ = {
			isa = PBXFrameworksBuildPhase;
			buildActionMask = 2147483647;
			files = (
				C2F21F991ECC1F83000FCDB9 /* YANKit.framework in Frameworks */,
				D5A492AF3ACD5471E6DBE6E9 /* Pods_yanwenzi.framework in Frameworks */,
			);
			runOnlyForDeploymentPostprocessing = 0;
		};
		C29CE2371EC0AEF700BB505C /* Frameworks */ = {
			isa = PBXFrameworksBuildPhase;
			buildActionMask = 2147483647;
			files = (
				CCD0884C0D767E0D43A0D995 /* Pods_yanwenziTests.framework in Frameworks */,
			);
			runOnlyForDeploymentPostprocessing = 0;
		};
		C29CE2421EC0AEF700BB505C /* Frameworks */ = {
			isa = PBXFrameworksBuildPhase;
			buildActionMask = 2147483647;
			files = (
				C406D167338917DF93213AF3 /* Pods_yanwenziUITests.framework in Frameworks */,
			);
			runOnlyForDeploymentPostprocessing = 0;
		};
		C2C0F1051EC1ADE500017768 /* Frameworks */ = {
			isa = PBXFrameworksBuildPhase;
			buildActionMask = 2147483647;
			files = (
				DCD7A2CFDD7B4E2066AE4F65 /* Pods_yanInput.framework in Frameworks */,
			);
			runOnlyForDeploymentPostprocessing = 0;
		};
		C2C0F1151EC1AE1B00017768 /* Frameworks */ = {
			isa = PBXFrameworksBuildPhase;
			buildActionMask = 2147483647;
			files = (
				C2C0F11A1EC1AE1B00017768 /* NotificationCenter.framework in Frameworks */,
				B8F17D7546981A80AF6CB969 /* Pods_yanToday.framework in Frameworks */,
			);
			runOnlyForDeploymentPostprocessing = 0;
		};
		C2F21F801ECC1F83000FCDB9 /* Frameworks */ = {
			isa = PBXFrameworksBuildPhase;
			buildActionMask = 2147483647;
			files = (
				D73EF2CD5A59685E450ED008 /* Pods_YANKit.framework in Frameworks */,
			);
			runOnlyForDeploymentPostprocessing = 0;
		};
		C2F21F891ECC1F83000FCDB9 /* Frameworks */ = {
			isa = PBXFrameworksBuildPhase;
			buildActionMask = 2147483647;
			files = (
				C2F21F8D1ECC1F83000FCDB9 /* YANKit.framework in Frameworks */,
			);
			runOnlyForDeploymentPostprocessing = 0;
		};
/* End PBXFrameworksBuildPhase section */

/* Begin PBXGroup section */
		C29CE21D1EC0AEF700BB505C = {
			isa = PBXGroup;
			children = (
				C29CE2281EC0AEF700BB505C /* yanwenzi */,
				C29CE23D1EC0AEF700BB505C /* yanwenziTests */,
				C29CE2481EC0AEF700BB505C /* yanwenziUITests */,
				C2C0F1091EC1ADE500017768 /* yanInput */,
				C2C0F11B1EC1AE1B00017768 /* yanToday */,
				C2F21F851ECC1F83000FCDB9 /* YANKit */,
				C2F21F921ECC1F83000FCDB9 /* YANKitTests */,
				C29CE2271EC0AEF700BB505C /* Products */,
				E469E42A7E40D398F1E8866C /* Pods */,
				FEDC49563C8CFAB44AB4298E /* Frameworks */,
			);
			sourceTree = "<group>";
		};
		C29CE2271EC0AEF700BB505C /* Products */ = {
			isa = PBXGroup;
			children = (
				C29CE2261EC0AEF700BB505C /* yanwenzi.app */,
				C29CE23A1EC0AEF700BB505C /* yanwenziTests.xctest */,
				C29CE2451EC0AEF700BB505C /* yanwenziUITests.xctest */,
				C2C0F1081EC1ADE500017768 /* yanInput.appex */,
				C2C0F1181EC1AE1B00017768 /* yanToday.appex */,
				C2F21F841ECC1F83000FCDB9 /* YANKit.framework */,
				C2F21F8C1ECC1F83000FCDB9 /* YANKitTests.xctest */,
			);
			name = Products;
			sourceTree = "<group>";
		};
		C29CE2281EC0AEF700BB505C /* yanwenzi */ = {
			isa = PBXGroup;
			children = (
				C2F21FA61ECC3434000FCDB9 /* yanwenzi.entitlements */,
				C29CE2291EC0AEF700BB505C /* AppDelegate.swift */,
				C29CE22B1EC0AEF700BB505C /* ViewController.swift */,
				C29CE22D1EC0AEF700BB505C /* Main.storyboard */,
				C29CE2301EC0AEF700BB505C /* Assets.xcassets */,
				C29CE2321EC0AEF700BB505C /* LaunchScreen.storyboard */,
				C29CE2351EC0AEF700BB505C /* Info.plist */,
			);
			path = yanwenzi;
			sourceTree = "<group>";
		};
		C29CE23D1EC0AEF700BB505C /* yanwenziTests */ = {
			isa = PBXGroup;
			children = (
				C29CE23E1EC0AEF700BB505C /* yanwenziTests.swift */,
				C29CE2401EC0AEF700BB505C /* Info.plist */,
			);
			path = yanwenziTests;
			sourceTree = "<group>";
		};
		C29CE2481EC0AEF700BB505C /* yanwenziUITests */ = {
			isa = PBXGroup;
			children = (
				C29CE2491EC0AEF700BB505C /* yanwenziUITests.swift */,
				C29CE24B1EC0AEF700BB505C /* Info.plist */,
			);
			path = yanwenziUITests;
			sourceTree = "<group>";
		};
		C2C0F1091EC1ADE500017768 /* yanInput */ = {
			isa = PBXGroup;
			children = (
				C2C0F10A1EC1ADE500017768 /* KeyboardViewController.swift */,
				C2C0F10C1EC1ADE500017768 /* Info.plist */,
			);
			path = yanInput;
			sourceTree = "<group>";
		};
		C2C0F11B1EC1AE1B00017768 /* yanToday */ = {
			isa = PBXGroup;
			children = (
				C2C0F11C1EC1AE1B00017768 /* TodayViewController.swift */,
				C2C0F11E1EC1AE1B00017768 /* MainInterface.storyboard */,
				C2C0F1211EC1AE1B00017768 /* Info.plist */,
			);
			path = yanToday;
			sourceTree = "<group>";
		};
		C2F21F851ECC1F83000FCDB9 /* YANKit */ = {
			isa = PBXGroup;
			children = (
				C2F21F861ECC1F83000FCDB9 /* YANKit.h */,
				C2F21F871ECC1F83000FCDB9 /* Info.plist */,
				C2F21FA21ECC1FBE000FCDB9 /* YanNetKit.swift */,
			);
			path = YANKit;
			sourceTree = "<group>";
		};
		C2F21F921ECC1F83000FCDB9 /* YANKitTests */ = {
			isa = PBXGroup;
			children = (
				C2F21F931ECC1F83000FCDB9 /* YANKitTests.m */,
				C2F21F951ECC1F83000FCDB9 /* Info.plist */,
			);
			path = YANKitTests;
			sourceTree = "<group>";
		};
		E469E42A7E40D398F1E8866C /* Pods */ = {
			isa = PBXGroup;
			children = (
				1648BC2CEF0A579EF25094D7 /* Pods-yanwenzi.debug.xcconfig */,
				42FE5AE3FFB3A94F900A4866 /* Pods-yanwenzi.release.xcconfig */,
				DAE7B456873F2DA1D8538115 /* Pods-yanwenziTests.debug.xcconfig */,
				A838E91A57C699BE54AF067E /* Pods-yanwenziTests.release.xcconfig */,
				1727CD3299322F337E5819A5 /* Pods-yanwenziUITests.debug.xcconfig */,
				3E508C3CE38F2B1C9B8B674E /* Pods-yanwenziUITests.release.xcconfig */,
				00FB99AD56775EC89E9942F3 /* Pods-YANKit.debug.xcconfig */,
				2F94FA7C018691E17934A3E5 /* Pods-YANKit.release.xcconfig */,
				83C72C6D897FDF2CACD55DF2 /* Pods-yanInput.debug.xcconfig */,
				5A97BE847BDA54B8C0B61F28 /* Pods-yanInput.release.xcconfig */,
				45DFF97B6A3AE6C0169B0101 /* Pods-yanToday.debug.xcconfig */,
				61756FF1EC70F749F6BD765A /* Pods-yanToday.release.xcconfig */,
			);
			name = Pods;
			sourceTree = "<group>";
		};
		FEDC49563C8CFAB44AB4298E /* Frameworks */ = {
			isa = PBXGroup;
			children = (
				C2F21F7D1ECC1F0C000FCDB9 /* SnapKit.framework */,
				C2F21F7B1ECC1F06000FCDB9 /* Alamofire.framework */,
				0C1708157802F22DF3D58E4D /* Pods_yanwenzi.framework */,
				E0BECE9623BEBFA6879667B4 /* Pods_yanwenziTests.framework */,
				6A6DB3E37BE45B503429BCB9 /* Pods_yanwenziUITests.framework */,
				C2C0F1191EC1AE1B00017768 /* NotificationCenter.framework */,
				02D6A1561CF1106FAF60E803 /* Pods_YANKit.framework */,
				326CABAABB53FAFCCBE2BE58 /* Pods_yanInput.framework */,
				1156EA5D89B9FD59BF98722C /* Pods_yanToday.framework */,
			);
			name = Frameworks;
			sourceTree = "<group>";
		};
/* End PBXGroup section */

/* Begin PBXHeadersBuildPhase section */
		C2F21F811ECC1F83000FCDB9 /* Headers */ = {
			isa = PBXHeadersBuildPhase;
			buildActionMask = 2147483647;
			files = (
				C2F21F961ECC1F83000FCDB9 /* YANKit.h in Headers */,
			);
			runOnlyForDeploymentPostprocessing = 0;
		};
/* End PBXHeadersBuildPhase section */

/* Begin PBXNativeTarget section */
		C29CE2251EC0AEF700BB505C /* yanwenzi */ = {
			isa = PBXNativeTarget;
			buildConfigurationList = C29CE24E1EC0AEF700BB505C /* Build configuration list for PBXNativeTarget "yanwenzi" */;
			buildPhases = (
				B3699A970A42EE21E72C6DEE /* [CP] Check Pods Manifest.lock */,
				C29CE2221EC0AEF700BB505C /* Sources */,
				C29CE2231EC0AEF700BB505C /* Frameworks */,
				C29CE2241EC0AEF700BB505C /* Resources */,
				022AC4466A855CC4A7410943 /* [CP] Embed Pods Frameworks */,
				1E4C3D5A1319808B60D37FF0 /* [CP] Copy Pods Resources */,
				C2C0F1131EC1ADE500017768 /* Embed App Extensions */,
				C2F21F9E1ECC1F83000FCDB9 /* Embed Frameworks */,
			);
			buildRules = (
			);
			dependencies = (
				C2C0F10E1EC1ADE500017768 /* PBXTargetDependency */,
				C2C0F1231EC1AE1B00017768 /* PBXTargetDependency */,
				C2F21F981ECC1F83000FCDB9 /* PBXTargetDependency */,
			);
			name = yanwenzi;
			productName = yanwenzi;
			productReference = C29CE2261EC0AEF700BB505C /* yanwenzi.app */;
			productType = "com.apple.product-type.application";
		};
		C29CE2391EC0AEF700BB505C /* yanwenziTests */ = {
			isa = PBXNativeTarget;
			buildConfigurationList = C29CE2511EC0AEF700BB505C /* Build configuration list for PBXNativeTarget "yanwenziTests" */;
			buildPhases = (
				55418BB5EB42C2BEE82C94CB /* [CP] Check Pods Manifest.lock */,
				C29CE2361EC0AEF700BB505C /* Sources */,
				C29CE2371EC0AEF700BB505C /* Frameworks */,
				C29CE2381EC0AEF700BB505C /* Resources */,
				09034DE99BFE3408B0BA417B /* [CP] Embed Pods Frameworks */,
				D6E4FE05985F498375D0AD2E /* [CP] Copy Pods Resources */,
			);
			buildRules = (
			);
			dependencies = (
				C29CE23C1EC0AEF700BB505C /* PBXTargetDependency */,
			);
			name = yanwenziTests;
			productName = yanwenziTests;
			productReference = C29CE23A1EC0AEF700BB505C /* yanwenziTests.xctest */;
			productType = "com.apple.product-type.bundle.unit-test";
		};
		C29CE2441EC0AEF700BB505C /* yanwenziUITests */ = {
			isa = PBXNativeTarget;
			buildConfigurationList = C29CE2541EC0AEF700BB505C /* Build configuration list for PBXNativeTarget "yanwenziUITests" */;
			buildPhases = (
				86C22AE3EC2F5B3506B5D99D /* [CP] Check Pods Manifest.lock */,
				C29CE2411EC0AEF700BB505C /* Sources */,
				C29CE2421EC0AEF700BB505C /* Frameworks */,
				C29CE2431EC0AEF700BB505C /* Resources */,
				D2517C394BA37C5C485DE284 /* [CP] Embed Pods Frameworks */,
				FE04D051B5A14BD5AB64354B /* [CP] Copy Pods Resources */,
			);
			buildRules = (
			);
			dependencies = (
				C29CE2471EC0AEF700BB505C /* PBXTargetDependency */,
			);
			name = yanwenziUITests;
			productName = yanwenziUITests;
			productReference = C29CE2451EC0AEF700BB505C /* yanwenziUITests.xctest */;
			productType = "com.apple.product-type.bundle.ui-testing";
		};
		C2C0F1071EC1ADE500017768 /* yanInput */ = {
			isa = PBXNativeTarget;
			buildConfigurationList = C2C0F1121EC1ADE500017768 /* Build configuration list for PBXNativeTarget "yanInput" */;
			buildPhases = (
				FC05D9CD5AB19713A219F6FC /* [CP] Check Pods Manifest.lock */,
				C2C0F1041EC1ADE500017768 /* Sources */,
				C2C0F1051EC1ADE500017768 /* Frameworks */,
				C2C0F1061EC1ADE500017768 /* Resources */,
				DE5165B1276262F855419192 /* [CP] Copy Pods Resources */,
			);
			buildRules = (
			);
			dependencies = (
			);
			name = yanInput;
			productName = yanInput;
			productReference = C2C0F1081EC1ADE500017768 /* yanInput.appex */;
			productType = "com.apple.product-type.app-extension";
		};
		C2C0F1171EC1AE1B00017768 /* yanToday */ = {
			isa = PBXNativeTarget;
			buildConfigurationList = C2C0F1251EC1AE1B00017768 /* Build configuration list for PBXNativeTarget "yanToday" */;
			buildPhases = (
				F5B0B3B5FBB0A7A89B10AF09 /* [CP] Check Pods Manifest.lock */,
				C2C0F1141EC1AE1B00017768 /* Sources */,
				C2C0F1151EC1AE1B00017768 /* Frameworks */,
				C2C0F1161EC1AE1B00017768 /* Resources */,
				0BE5BAD2389D31444A9464C6 /* [CP] Copy Pods Resources */,
			);
			buildRules = (
			);
			dependencies = (
			);
			name = yanToday;
			productName = yanToday;
			productReference = C2C0F1181EC1AE1B00017768 /* yanToday.appex */;
			productType = "com.apple.product-type.app-extension";
		};
		C2F21F831ECC1F83000FCDB9 /* YANKit */ = {
			isa = PBXNativeTarget;
			buildConfigurationList = C2F21F9B1ECC1F83000FCDB9 /* Build configuration list for PBXNativeTarget "YANKit" */;
			buildPhases = (
				83ABA7ACA641531B479DA065 /* [CP] Check Pods Manifest.lock */,
				C2F21F7F1ECC1F83000FCDB9 /* Sources */,
				C2F21F801ECC1F83000FCDB9 /* Frameworks */,
				C2F21F811ECC1F83000FCDB9 /* Headers */,
				C2F21F821ECC1F83000FCDB9 /* Resources */,
				24BB1E51D8E7B92297C2C779 /* [CP] Copy Pods Resources */,
			);
			buildRules = (
			);
			dependencies = (
			);
			name = YANKit;
			productName = YANKit;
			productReference = C2F21F841ECC1F83000FCDB9 /* YANKit.framework */;
			productType = "com.apple.product-type.framework";
		};
		C2F21F8B1ECC1F83000FCDB9 /* YANKitTests */ = {
			isa = PBXNativeTarget;
			buildConfigurationList = C2F21F9F1ECC1F83000FCDB9 /* Build configuration list for PBXNativeTarget "YANKitTests" */;
			buildPhases = (
				C2F21F881ECC1F83000FCDB9 /* Sources */,
				C2F21F891ECC1F83000FCDB9 /* Frameworks */,
				C2F21F8A1ECC1F83000FCDB9 /* Resources */,
			);
			buildRules = (
			);
			dependencies = (
				C2F21F8F1ECC1F83000FCDB9 /* PBXTargetDependency */,
				C2F21F911ECC1F83000FCDB9 /* PBXTargetDependency */,
			);
			name = YANKitTests;
			productName = YANKitTests;
			productReference = C2F21F8C1ECC1F83000FCDB9 /* YANKitTests.xctest */;
			productType = "com.apple.product-type.bundle.unit-test";
		};
/* End PBXNativeTarget section */

/* Begin PBXProject section */
		C29CE21E1EC0AEF700BB505C /* Project object */ = {
			isa = PBXProject;
			attributes = {
				LastSwiftUpdateCheck = 0830;
				LastUpgradeCheck = 0830;
				ORGANIZATIONNAME = "崇庆旭";
				TargetAttributes = {
					C29CE2251EC0AEF700BB505C = {
						CreatedOnToolsVersion = 8.3.2;
						DevelopmentTeam = 5G97LTLJUY;
						ProvisioningStyle = Automatic;
						SystemCapabilities = {
							com.apple.ApplicationGroups.iOS = {
								enabled = 1;
							};
						};
					};
					C29CE2391EC0AEF700BB505C = {
						CreatedOnToolsVersion = 8.3.2;
						DevelopmentTeam = 5G97LTLJUY;
						ProvisioningStyle = Automatic;
						TestTargetID = C29CE2251EC0AEF700BB505C;
					};
					C29CE2441EC0AEF700BB505C = {
						CreatedOnToolsVersion = 8.3.2;
						DevelopmentTeam = 5G97LTLJUY;
						ProvisioningStyle = Automatic;
						TestTargetID = C29CE2251EC0AEF700BB505C;
					};
					C2C0F1071EC1ADE500017768 = {
						CreatedOnToolsVersion = 8.3.2;
						DevelopmentTeam = 5G97LTLJUY;
						ProvisioningStyle = Automatic;
					};
					C2C0F1171EC1AE1B00017768 = {
						CreatedOnToolsVersion = 8.3.2;
						DevelopmentTeam = 5G97LTLJUY;
						ProvisioningStyle = Automatic;
					};
					C2F21F831ECC1F83000FCDB9 = {
						CreatedOnToolsVersion = 8.3.2;
						DevelopmentTeam = 5G97LTLJUY;
						LastSwiftMigration = 0830;
						ProvisioningStyle = Automatic;
					};
					C2F21F8B1ECC1F83000FCDB9 = {
						CreatedOnToolsVersion = 8.3.2;
						DevelopmentTeam = 5G97LTLJUY;
						ProvisioningStyle = Automatic;
						TestTargetID = C29CE2251EC0AEF700BB505C;
					};
				};
			};
			buildConfigurationList = C29CE2211EC0AEF700BB505C /* Build configuration list for PBXProject "yanwenzi" */;
			compatibilityVersion = "Xcode 3.2";
			developmentRegion = English;
			hasScannedForEncodings = 0;
			knownRegions = (
				en,
				Base,
			);
			mainGroup = C29CE21D1EC0AEF700BB505C;
			productRefGroup = C29CE2271EC0AEF700BB505C /* Products */;
			projectDirPath = "";
			projectRoot = "";
			targets = (
				C29CE2251EC0AEF700BB505C /* yanwenzi */,
				C29CE2391EC0AEF700BB505C /* yanwenziTests */,
				C29CE2441EC0AEF700BB505C /* yanwenziUITests */,
				C2C0F1071EC1ADE500017768 /* yanInput */,
				C2C0F1171EC1AE1B00017768 /* yanToday */,
				C2F21F831ECC1F83000FCDB9 /* YANKit */,
				C2F21F8B1ECC1F83000FCDB9 /* YANKitTests */,
			);
		};
/* End PBXProject section */

/* Begin PBXResourcesBuildPhase section */
		C29CE2241EC0AEF700BB505C /* Resources */ = {
			isa = PBXResourcesBuildPhase;
			buildActionMask = 2147483647;
			files = (
				C29CE2341EC0AEF700BB505C /* LaunchScreen.storyboard in Resources */,
				C29CE2311EC0AEF700BB505C /* Assets.xcassets in Resources */,
				C29CE22F1EC0AEF700BB505C /* Main.storyboard in Resources */,
			);
			runOnlyForDeploymentPostprocessing = 0;
		};
		C29CE2381EC0AEF700BB505C /* Resources */ = {
			isa = PBXResourcesBuildPhase;
			buildActionMask = 2147483647;
			files = (
			);
			runOnlyForDeploymentPostprocessing = 0;
		};
		C29CE2431EC0AEF700BB505C /* Resources */ = {
			isa = PBXResourcesBuildPhase;
			buildActionMask = 2147483647;
			files = (
			);
			runOnlyForDeploymentPostprocessing = 0;
		};
		C2C0F1061EC1ADE500017768 /* Resources */ = {
			isa = PBXResourcesBuildPhase;
			buildActionMask = 2147483647;
			files = (
			);
			runOnlyForDeploymentPostprocessing = 0;
		};
		C2C0F1161EC1AE1B00017768 /* Resources */ = {
			isa = PBXResourcesBuildPhase;
			buildActionMask = 2147483647;
			files = (
				C2C0F1201EC1AE1B00017768 /* MainInterface.storyboard in Resources */,
			);
			runOnlyForDeploymentPostprocessing = 0;
		};
		C2F21F821ECC1F83000FCDB9 /* Resources */ = {
			isa = PBXResourcesBuildPhase;
			buildActionMask = 2147483647;
			files = (
			);
			runOnlyForDeploymentPostprocessing = 0;
		};
		C2F21F8A1ECC1F83000FCDB9 /* Resources */ = {
			isa = PBXResourcesBuildPhase;
			buildActionMask = 2147483647;
			files = (
			);
			runOnlyForDeploymentPostprocessing = 0;
		};
/* End PBXResourcesBuildPhase section */

/* Begin PBXShellScriptBuildPhase section */
		022AC4466A855CC4A7410943 /* [CP] Embed Pods Frameworks */ = {
			isa = PBXShellScriptBuildPhase;
			buildActionMask = 2147483647;
			files = (
			);
			inputPaths = (
			);
			name = "[CP] Embed Pods Frameworks";
			outputPaths = (
			);
			runOnlyForDeploymentPostprocessing = 0;
			shellPath = /bin/sh;
			shellScript = "\"${SRCROOT}/Pods/Target Support Files/Pods-yanwenzi/Pods-yanwenzi-frameworks.sh\"\n";
			showEnvVarsInLog = 0;
		};
		09034DE99BFE3408B0BA417B /* [CP] Embed Pods Frameworks */ = {
			isa = PBXShellScriptBuildPhase;
			buildActionMask = 2147483647;
			files = (
			);
			inputPaths = (
			);
			name = "[CP] Embed Pods Frameworks";
			outputPaths = (
			);
			runOnlyForDeploymentPostprocessing = 0;
			shellPath = /bin/sh;
			shellScript = "\"${SRCROOT}/Pods/Target Support Files/Pods-yanwenziTests/Pods-yanwenziTests-frameworks.sh\"\n";
			showEnvVarsInLog = 0;
		};
		0BE5BAD2389D31444A9464C6 /* [CP] Copy Pods Resources */ = {
			isa = PBXShellScriptBuildPhase;
			buildActionMask = 2147483647;
			files = (
			);
			inputPaths = (
			);
			name = "[CP] Copy Pods Resources";
			outputPaths = (
			);
			runOnlyForDeploymentPostprocessing = 0;
			shellPath = /bin/sh;
			shellScript = "\"${SRCROOT}/Pods/Target Support Files/Pods-yanToday/Pods-yanToday-resources.sh\"\n";
			showEnvVarsInLog = 0;
		};
		1E4C3D5A1319808B60D37FF0 /* [CP] Copy Pods Resources */ = {
			isa = PBXShellScriptBuildPhase;
			buildActionMask = 2147483647;
			files = (
			);
			inputPaths = (
			);
			name = "[CP] Copy Pods Resources";
			outputPaths = (
			);
			runOnlyForDeploymentPostprocessing = 0;
			shellPath = /bin/sh;
			shellScript = "\"${SRCROOT}/Pods/Target Support Files/Pods-yanwenzi/Pods-yanwenzi-resources.sh\"\n";
			showEnvVarsInLog = 0;
		};
		24BB1E51D8E7B92297C2C779 /* [CP] Copy Pods Resources */ = {
			isa = PBXShellScriptBuildPhase;
			buildActionMask = 2147483647;
			files = (
			);
			inputPaths = (
			);
			name = "[CP] Copy Pods Resources";
			outputPaths = (
			);
			runOnlyForDeploymentPostprocessing = 0;
			shellPath = /bin/sh;
			shellScript = "\"${SRCROOT}/Pods/Target Support Files/Pods-YANKit/Pods-YANKit-resources.sh\"\n";
			showEnvVarsInLog = 0;
		};
		55418BB5EB42C2BEE82C94CB /* [CP] Check Pods Manifest.lock */ = {
			isa = PBXShellScriptBuildPhase;
			buildActionMask = 2147483647;
			files = (
			);
			inputPaths = (
			);
			name = "[CP] Check Pods Manifest.lock";
			outputPaths = (
			);
			runOnlyForDeploymentPostprocessing = 0;
			shellPath = /bin/sh;
			shellScript = "diff \"${PODS_ROOT}/../Podfile.lock\" \"${PODS_ROOT}/Manifest.lock\" > /dev/null\nif [ $? != 0 ] ; then\n    # print error to STDERR\n    echo \"error: The sandbox is not in sync with the Podfile.lock. Run 'pod install' or update your CocoaPods installation.\" >&2\n    exit 1\nfi\n";
			showEnvVarsInLog = 0;
		};
		83ABA7ACA641531B479DA065 /* [CP] Check Pods Manifest.lock */ = {
			isa = PBXShellScriptBuildPhase;
			buildActionMask = 2147483647;
			files = (
			);
			inputPaths = (
			);
			name = "[CP] Check Pods Manifest.lock";
			outputPaths = (
			);
			runOnlyForDeploymentPostprocessing = 0;
			shellPath = /bin/sh;
			shellScript = "diff \"${PODS_ROOT}/../Podfile.lock\" \"${PODS_ROOT}/Manifest.lock\" > /dev/null\nif [ $? != 0 ] ; then\n    # print error to STDERR\n    echo \"error: The sandbox is not in sync with the Podfile.lock. Run 'pod install' or update your CocoaPods installation.\" >&2\n    exit 1\nfi\n";
			showEnvVarsInLog = 0;
		};
		86C22AE3EC2F5B3506B5D99D /* [CP] Check Pods Manifest.lock */ = {
			isa = PBXShellScriptBuildPhase;
			buildActionMask = 2147483647;
			files = (
			);
			inputPaths = (
			);
			name = "[CP] Check Pods Manifest.lock";
			outputPaths = (
			);
			runOnlyForDeploymentPostprocessing = 0;
			shellPath = /bin/sh;
			shellScript = "diff \"${PODS_ROOT}/../Podfile.lock\" \"${PODS_ROOT}/Manifest.lock\" > /dev/null\nif [ $? != 0 ] ; then\n    # print error to STDERR\n    echo \"error: The sandbox is not in sync with the Podfile.lock. Run 'pod install' or update your CocoaPods installation.\" >&2\n    exit 1\nfi\n";
			showEnvVarsInLog = 0;
		};
		B3699A970A42EE21E72C6DEE /* [CP] Check Pods Manifest.lock */ = {
			isa = PBXShellScriptBuildPhase;
			buildActionMask = 2147483647;
			files = (
			);
			inputPaths = (
			);
			name = "[CP] Check Pods Manifest.lock";
			outputPaths = (
			);
			runOnlyForDeploymentPostprocessing = 0;
			shellPath = /bin/sh;
			shellScript = "diff \"${PODS_ROOT}/../Podfile.lock\" \"${PODS_ROOT}/Manifest.lock\" > /dev/null\nif [ $? != 0 ] ; then\n    # print error to STDERR\n    echo \"error: The sandbox is not in sync with the Podfile.lock. Run 'pod install' or update your CocoaPods installation.\" >&2\n    exit 1\nfi\n";
			showEnvVarsInLog = 0;
		};
		D2517C394BA37C5C485DE284 /* [CP] Embed Pods Frameworks */ = {
			isa = PBXShellScriptBuildPhase;
			buildActionMask = 2147483647;
			files = (
			);
			inputPaths = (
			);
			name = "[CP] Embed Pods Frameworks";
			outputPaths = (
			);
			runOnlyForDeploymentPostprocessing = 0;
			shellPath = /bin/sh;
			shellScript = "\"${SRCROOT}/Pods/Target Support Files/Pods-yanwenziUITests/Pods-yanwenziUITests-frameworks.sh\"\n";
			showEnvVarsInLog = 0;
		};
		D6E4FE05985F498375D0AD2E /* [CP] Copy Pods Resources */ = {
			isa = PBXShellScriptBuildPhase;
			buildActionMask = 2147483647;
			files = (
			);
			inputPaths = (
			);
			name = "[CP] Copy Pods Resources";
			outputPaths = (
			);
			runOnlyForDeploymentPostprocessing = 0;
			shellPath = /bin/sh;
			shellScript = "\"${SRCROOT}/Pods/Target Support Files/Pods-yanwenziTests/Pods-yanwenziTests-resources.sh\"\n";
			showEnvVarsInLog = 0;
		};
		DE5165B1276262F855419192 /* [CP] Copy Pods Resources */ = {
			isa = PBXShellScriptBuildPhase;
			buildActionMask = 2147483647;
			files = (
			);
			inputPaths = (
			);
			name = "[CP] Copy Pods Resources";
			outputPaths = (
			);
			runOnlyForDeploymentPostprocessing = 0;
			shellPath = /bin/sh;
			shellScript = "\"${SRCROOT}/Pods/Target Support Files/Pods-yanInput/Pods-yanInput-resources.sh\"\n";
			showEnvVarsInLog = 0;
		};
		F5B0B3B5FBB0A7A89B10AF09 /* [CP] Check Pods Manifest.lock */ = {
			isa = PBXShellScriptBuildPhase;
			buildActionMask = 2147483647;
			files = (
			);
			inputPaths = (
			);
			name = "[CP] Check Pods Manifest.lock";
			outputPaths = (
			);
			runOnlyForDeploymentPostprocessing = 0;
			shellPath = /bin/sh;
			shellScript = "diff \"${PODS_ROOT}/../Podfile.lock\" \"${PODS_ROOT}/Manifest.lock\" > /dev/null\nif [ $? != 0 ] ; then\n    # print error to STDERR\n    echo \"error: The sandbox is not in sync with the Podfile.lock. Run 'pod install' or update your CocoaPods installation.\" >&2\n    exit 1\nfi\n";
			showEnvVarsInLog = 0;
		};
		FC05D9CD5AB19713A219F6FC /* [CP] Check Pods Manifest.lock */ = {
			isa = PBXShellScriptBuildPhase;
			buildActionMask = 2147483647;
			files = (
			);
			inputPaths = (
			);
			name = "[CP] Check Pods Manifest.lock";
			outputPaths = (
			);
			runOnlyForDeploymentPostprocessing = 0;
			shellPath = /bin/sh;
			shellScript = "diff \"${PODS_ROOT}/../Podfile.lock\" \"${PODS_ROOT}/Manifest.lock\" > /dev/null\nif [ $? != 0 ] ; then\n    # print error to STDERR\n    echo \"error: The sandbox is not in sync with the Podfile.lock. Run 'pod install' or update your CocoaPods installation.\" >&2\n    exit 1\nfi\n";
			showEnvVarsInLog = 0;
		};
		FE04D051B5A14BD5AB64354B /* [CP] Copy Pods Resources */ = {
			isa = PBXShellScriptBuildPhase;
			buildActionMask = 2147483647;
			files = (
			);
			inputPaths = (
			);
			name = "[CP] Copy Pods Resources";
			outputPaths = (
			);
			runOnlyForDeploymentPostprocessing = 0;
			shellPath = /bin/sh;
			shellScript = "\"${SRCROOT}/Pods/Target Support Files/Pods-yanwenziUITests/Pods-yanwenziUITests-resources.sh\"\n";
			showEnvVarsInLog = 0;
		};
/* End PBXShellScriptBuildPhase section */

/* Begin PBXSourcesBuildPhase section */
		C29CE2221EC0AEF700BB505C /* Sources */ = {
			isa = PBXSourcesBuildPhase;
			buildActionMask = 2147483647;
			files = (
				C29CE22C1EC0AEF700BB505C /* ViewController.swift in Sources */,
				C29CE22A1EC0AEF700BB505C /* AppDelegate.swift in Sources */,
			);
			runOnlyForDeploymentPostprocessing = 0;
		};
		C29CE2361EC0AEF700BB505C /* Sources */ = {
			isa = PBXSourcesBuildPhase;
			buildActionMask = 2147483647;
			files = (
				C29CE23F1EC0AEF700BB505C /* yanwenziTests.swift in Sources */,
			);
			runOnlyForDeploymentPostprocessing = 0;
		};
		C29CE2411EC0AEF700BB505C /* Sources */ = {
			isa = PBXSourcesBuildPhase;
			buildActionMask = 2147483647;
			files = (
				C29CE24A1EC0AEF700BB505C /* yanwenziUITests.swift in Sources */,
			);
			runOnlyForDeploymentPostprocessing = 0;
		};
		C2C0F1041EC1ADE500017768 /* Sources */ = {
			isa = PBXSourcesBuildPhase;
			buildActionMask = 2147483647;
			files = (
				C2C0F10B1EC1ADE500017768 /* KeyboardViewController.swift in Sources */,
			);
			runOnlyForDeploymentPostprocessing = 0;
		};
		C2C0F1141EC1AE1B00017768 /* Sources */ = {
			isa = PBXSourcesBuildPhase;
			buildActionMask = 2147483647;
			files = (
				C2C0F11D1EC1AE1B00017768 /* TodayViewController.swift in Sources */,
			);
			runOnlyForDeploymentPostprocessing = 0;
		};
		C2F21F7F1ECC1F83000FCDB9 /* Sources */ = {
			isa = PBXSourcesBuildPhase;
			buildActionMask = 2147483647;
			files = (
				C2F21FA31ECC1FBE000FCDB9 /* YanNetKit.swift in Sources */,
			);
			runOnlyForDeploymentPostprocessing = 0;
		};
		C2F21F881ECC1F83000FCDB9 /* Sources */ = {
			isa = PBXSourcesBuildPhase;
			buildActionMask = 2147483647;
			files = (
				C2F21F941ECC1F83000FCDB9 /* YANKitTests.m in Sources */,
			);
			runOnlyForDeploymentPostprocessing = 0;
		};
/* End PBXSourcesBuildPhase section */

/* Begin PBXTargetDependency section */
		C29CE23C1EC0AEF700BB505C /* PBXTargetDependency */ = {
			isa = PBXTargetDependency;
			target = C29CE2251EC0AEF700BB505C /* yanwenzi */;
			targetProxy = C29CE23B1EC0AEF700BB505C /* PBXContainerItemProxy */;
		};
		C29CE2471EC0AEF700BB505C /* PBXTargetDependency */ = {
			isa = PBXTargetDependency;
			target = C29CE2251EC0AEF700BB505C /* yanwenzi */;
			targetProxy = C29CE2461EC0AEF700BB505C /* PBXContainerItemProxy */;
		};
		C2C0F10E1EC1ADE500017768 /* PBXTargetDependency */ = {
			isa = PBXTargetDependency;
			target = C2C0F1071EC1ADE500017768 /* yanInput */;
			targetProxy = C2C0F10D1EC1ADE500017768 /* PBXContainerItemProxy */;
		};
		C2C0F1231EC1AE1B00017768 /* PBXTargetDependency */ = {
			isa = PBXTargetDependency;
			target = C2C0F1171EC1AE1B00017768 /* yanToday */;
			targetProxy = C2C0F1221EC1AE1B00017768 /* PBXContainerItemProxy */;
		};
		C2F21F8F1ECC1F83000FCDB9 /* PBXTargetDependency */ = {
			isa = PBXTargetDependency;
			target = C2F21F831ECC1F83000FCDB9 /* YANKit */;
			targetProxy = C2F21F8E1ECC1F83000FCDB9 /* PBXContainerItemProxy */;
		};
		C2F21F911ECC1F83000FCDB9 /* PBXTargetDependency */ = {
			isa = PBXTargetDependency;
			target = C29CE2251EC0AEF700BB505C /* yanwenzi */;
			targetProxy = C2F21F901ECC1F83000FCDB9 /* PBXContainerItemProxy */;
		};
		C2F21F981ECC1F83000FCDB9 /* PBXTargetDependency */ = {
			isa = PBXTargetDependency;
			target = C2F21F831ECC1F83000FCDB9 /* YANKit */;
			targetProxy = C2F21F971ECC1F83000FCDB9 /* PBXContainerItemProxy */;
		};
/* End PBXTargetDependency section */

/* Begin PBXVariantGroup section */
		C29CE22D1EC0AEF700BB505C /* Main.storyboard */ = {
			isa = PBXVariantGroup;
			children = (
				C29CE22E1EC0AEF700BB505C /* Base */,
			);
			name = Main.storyboard;
			sourceTree = "<group>";
		};
		C29CE2321EC0AEF700BB505C /* LaunchScreen.storyboard */ = {
			isa = PBXVariantGroup;
			children = (
				C29CE2331EC0AEF700BB505C /* Base */,
			);
			name = LaunchScreen.storyboard;
			sourceTree = "<group>";
		};
		C2C0F11E1EC1AE1B00017768 /* MainInterface.storyboard */ = {
			isa = PBXVariantGroup;
			children = (
				C2C0F11F1EC1AE1B00017768 /* Base */,
			);
			name = MainInterface.storyboard;
			sourceTree = "<group>";
		};
/* End PBXVariantGroup section */

/* Begin XCBuildConfiguration section */
		C29CE24C1EC0AEF700BB505C /* Debug */ = {
			isa = XCBuildConfiguration;
			buildSettings = {
				ALWAYS_SEARCH_USER_PATHS = NO;
				CLANG_ANALYZER_NONNULL = YES;
				CLANG_ANALYZER_NUMBER_OBJECT_CONVERSION = YES_AGGRESSIVE;
				CLANG_CXX_LANGUAGE_STANDARD = "gnu++0x";
				CLANG_CXX_LIBRARY = "libc++";
				CLANG_ENABLE_MODULES = YES;
				CLANG_ENABLE_OBJC_ARC = YES;
				CLANG_WARN_BOOL_CONVERSION = YES;
				CLANG_WARN_CONSTANT_CONVERSION = YES;
				CLANG_WARN_DIRECT_OBJC_ISA_USAGE = YES_ERROR;
				CLANG_WARN_DOCUMENTATION_COMMENTS = YES;
				CLANG_WARN_EMPTY_BODY = YES;
				CLANG_WARN_ENUM_CONVERSION = YES;
				CLANG_WARN_INFINITE_RECURSION = YES;
				CLANG_WARN_INT_CONVERSION = YES;
				CLANG_WARN_OBJC_ROOT_CLASS = YES_ERROR;
				CLANG_WARN_SUSPICIOUS_MOVE = YES;
				CLANG_WARN_UNREACHABLE_CODE = YES;
				CLANG_WARN__DUPLICATE_METHOD_MATCH = YES;
				"CODE_SIGN_IDENTITY[sdk=iphoneos*]" = "iPhone Developer";
				COPY_PHASE_STRIP = NO;
				DEBUG_INFORMATION_FORMAT = dwarf;
				ENABLE_STRICT_OBJC_MSGSEND = YES;
				ENABLE_TESTABILITY = YES;
				GCC_C_LANGUAGE_STANDARD = gnu99;
				GCC_DYNAMIC_NO_PIC = NO;
				GCC_NO_COMMON_BLOCKS = YES;
				GCC_OPTIMIZATION_LEVEL = 0;
				GCC_PREPROCESSOR_DEFINITIONS = (
					"DEBUG=1",
					"$(inherited)",
				);
				GCC_WARN_64_TO_32_BIT_CONVERSION = YES;
				GCC_WARN_ABOUT_RETURN_TYPE = YES_ERROR;
				GCC_WARN_UNDECLARED_SELECTOR = YES;
				GCC_WARN_UNINITIALIZED_AUTOS = YES_AGGRESSIVE;
				GCC_WARN_UNUSED_FUNCTION = YES;
				GCC_WARN_UNUSED_VARIABLE = YES;
				IPHONEOS_DEPLOYMENT_TARGET = 10.3;
				MTL_ENABLE_DEBUG_INFO = YES;
				ONLY_ACTIVE_ARCH = YES;
				SDKROOT = iphoneos;
				SWIFT_ACTIVE_COMPILATION_CONDITIONS = DEBUG;
				SWIFT_OPTIMIZATION_LEVEL = "-Onone";
				TARGETED_DEVICE_FAMILY = "1,2";
			};
			name = Debug;
		};
		C29CE24D1EC0AEF700BB505C /* Release */ = {
			isa = XCBuildConfiguration;
			buildSettings = {
				ALWAYS_SEARCH_USER_PATHS = NO;
				CLANG_ANALYZER_NONNULL = YES;
				CLANG_ANALYZER_NUMBER_OBJECT_CONVERSION = YES_AGGRESSIVE;
				CLANG_CXX_LANGUAGE_STANDARD = "gnu++0x";
				CLANG_CXX_LIBRARY = "libc++";
				CLANG_ENABLE_MODULES = YES;
				CLANG_ENABLE_OBJC_ARC = YES;
				CLANG_WARN_BOOL_CONVERSION = YES;
				CLANG_WARN_CONSTANT_CONVERSION = YES;
				CLANG_WARN_DIRECT_OBJC_ISA_USAGE = YES_ERROR;
				CLANG_WARN_DOCUMENTATION_COMMENTS = YES;
				CLANG_WARN_EMPTY_BODY = YES;
				CLANG_WARN_ENUM_CONVERSION = YES;
				CLANG_WARN_INFINITE_RECURSION = YES;
				CLANG_WARN_INT_CONVERSION = YES;
				CLANG_WARN_OBJC_ROOT_CLASS = YES_ERROR;
				CLANG_WARN_SUSPICIOUS_MOVE = YES;
				CLANG_WARN_UNREACHABLE_CODE = YES;
				CLANG_WARN__DUPLICATE_METHOD_MATCH = YES;
				"CODE_SIGN_IDENTITY[sdk=iphoneos*]" = "iPhone Developer";
				COPY_PHASE_STRIP = NO;
				DEBUG_INFORMATION_FORMAT = "dwarf-with-dsym";
				ENABLE_NS_ASSERTIONS = NO;
				ENABLE_STRICT_OBJC_MSGSEND = YES;
				GCC_C_LANGUAGE_STANDARD = gnu99;
				GCC_NO_COMMON_BLOCKS = YES;
				GCC_WARN_64_TO_32_BIT_CONVERSION = YES;
				GCC_WARN_ABOUT_RETURN_TYPE = YES_ERROR;
				GCC_WARN_UNDECLARED_SELECTOR = YES;
				GCC_WARN_UNINITIALIZED_AUTOS = YES_AGGRESSIVE;
				GCC_WARN_UNUSED_FUNCTION = YES;
				GCC_WARN_UNUSED_VARIABLE = YES;
				IPHONEOS_DEPLOYMENT_TARGET = 10.3;
				MTL_ENABLE_DEBUG_INFO = NO;
				SDKROOT = iphoneos;
				SWIFT_OPTIMIZATION_LEVEL = "-Owholemodule";
				TARGETED_DEVICE_FAMILY = "1,2";
				VALIDATE_PRODUCT = YES;
			};
			name = Release;
		};
		C29CE24F1EC0AEF700BB505C /* Debug */ = {
			isa = XCBuildConfiguration;
			baseConfigurationReference = 1648BC2CEF0A579EF25094D7 /* Pods-yanwenzi.debug.xcconfig */;
			buildSettings = {
				ALWAYS_EMBED_SWIFT_STANDARD_LIBRARIES = YES;
				ASSETCATALOG_COMPILER_APPICON_NAME = AppIcon;
				CODE_SIGN_ENTITLEMENTS = yanwenzi/yanwenzi.entitlements;
				DEVELOPMENT_TEAM = 5G97LTLJUY;
				INFOPLIST_FILE = yanwenzi/Info.plist;
				LD_RUNPATH_SEARCH_PATHS = "$(inherited) @executable_path/Frameworks";
				PRODUCT_BUNDLE_IDENTIFIER = QX.yanwenzi;
				PRODUCT_NAME = "$(TARGET_NAME)";
				SWIFT_VERSION = 3.0;
			};
			name = Debug;
		};
		C29CE2501EC0AEF700BB505C /* Release */ = {
			isa = XCBuildConfiguration;
			baseConfigurationReference = 42FE5AE3FFB3A94F900A4866 /* Pods-yanwenzi.release.xcconfig */;
			buildSettings = {
				ALWAYS_EMBED_SWIFT_STANDARD_LIBRARIES = YES;
				ASSETCATALOG_COMPILER_APPICON_NAME = AppIcon;
				CODE_SIGN_ENTITLEMENTS = yanwenzi/yanwenzi.entitlements;
				DEVELOPMENT_TEAM = 5G97LTLJUY;
				INFOPLIST_FILE = yanwenzi/Info.plist;
				LD_RUNPATH_SEARCH_PATHS = "$(inherited) @executable_path/Frameworks";
				PRODUCT_BUNDLE_IDENTIFIER = QX.yanwenzi;
				PRODUCT_NAME = "$(TARGET_NAME)";
				SWIFT_VERSION = 3.0;
			};
			name = Release;
		};
		C29CE2521EC0AEF700BB505C /* Debug */ = {
			isa = XCBuildConfiguration;
			baseConfigurationReference = DAE7B456873F2DA1D8538115 /* Pods-yanwenziTests.debug.xcconfig */;
			buildSettings = {
				ALWAYS_EMBED_SWIFT_STANDARD_LIBRARIES = YES;
				BUNDLE_LOADER = "$(TEST_HOST)";
				DEVELOPMENT_TEAM = 5G97LTLJUY;
				INFOPLIST_FILE = yanwenziTests/Info.plist;
				LD_RUNPATH_SEARCH_PATHS = "$(inherited) @executable_path/Frameworks @loader_path/Frameworks";
				PRODUCT_BUNDLE_IDENTIFIER = QX.yanwenziTests;
				PRODUCT_NAME = "$(TARGET_NAME)";
				SWIFT_VERSION = 3.0;
				TEST_HOST = "$(BUILT_PRODUCTS_DIR)/yanwenzi.app/yanwenzi";
			};
			name = Debug;
		};
		C29CE2531EC0AEF700BB505C /* Release */ = {
			isa = XCBuildConfiguration;
			baseConfigurationReference = A838E91A57C699BE54AF067E /* Pods-yanwenziTests.release.xcconfig */;
			buildSettings = {
				ALWAYS_EMBED_SWIFT_STANDARD_LIBRARIES = YES;
				BUNDLE_LOADER = "$(TEST_HOST)";
				DEVELOPMENT_TEAM = 5G97LTLJUY;
				INFOPLIST_FILE = yanwenziTests/Info.plist;
				LD_RUNPATH_SEARCH_PATHS = "$(inherited) @executable_path/Frameworks @loader_path/Frameworks";
				PRODUCT_BUNDLE_IDENTIFIER = QX.yanwenziTests;
				PRODUCT_NAME = "$(TARGET_NAME)";
				SWIFT_VERSION = 3.0;
				TEST_HOST = "$(BUILT_PRODUCTS_DIR)/yanwenzi.app/yanwenzi";
			};
			name = Release;
		};
		C29CE2551EC0AEF700BB505C /* Debug */ = {
			isa = XCBuildConfiguration;
			baseConfigurationReference = 1727CD3299322F337E5819A5 /* Pods-yanwenziUITests.debug.xcconfig */;
			buildSettings = {
				ALWAYS_EMBED_SWIFT_STANDARD_LIBRARIES = YES;
				DEVELOPMENT_TEAM = 5G97LTLJUY;
				INFOPLIST_FILE = yanwenziUITests/Info.plist;
				LD_RUNPATH_SEARCH_PATHS = "$(inherited) @executable_path/Frameworks @loader_path/Frameworks";
				PRODUCT_BUNDLE_IDENTIFIER = QX.yanwenziUITests;
				PRODUCT_NAME = "$(TARGET_NAME)";
				SWIFT_VERSION = 3.0;
				TEST_TARGET_NAME = yanwenzi;
			};
			name = Debug;
		};
		C29CE2561EC0AEF700BB505C /* Release */ = {
			isa = XCBuildConfiguration;
			baseConfigurationReference = 3E508C3CE38F2B1C9B8B674E /* Pods-yanwenziUITests.release.xcconfig */;
			buildSettings = {
				ALWAYS_EMBED_SWIFT_STANDARD_LIBRARIES = YES;
				DEVELOPMENT_TEAM = 5G97LTLJUY;
				INFOPLIST_FILE = yanwenziUITests/Info.plist;
				LD_RUNPATH_SEARCH_PATHS = "$(inherited) @executable_path/Frameworks @loader_path/Frameworks";
				PRODUCT_BUNDLE_IDENTIFIER = QX.yanwenziUITests;
				PRODUCT_NAME = "$(TARGET_NAME)";
				SWIFT_VERSION = 3.0;
				TEST_TARGET_NAME = yanwenzi;
			};
			name = Release;
		};
		C2C0F1101EC1ADE500017768 /* Debug */ = {
			isa = XCBuildConfiguration;
			baseConfigurationReference = 83C72C6D897FDF2CACD55DF2 /* Pods-yanInput.debug.xcconfig */;
			buildSettings = {
				DEVELOPMENT_TEAM = 5G97LTLJUY;
				INFOPLIST_FILE = yanInput/Info.plist;
				LD_RUNPATH_SEARCH_PATHS = "$(inherited) @executable_path/Frameworks @executable_path/../../Frameworks";
				PRODUCT_BUNDLE_IDENTIFIER = QX.yanwenzi.yanInput;
				PRODUCT_NAME = "$(TARGET_NAME)";
				SKIP_INSTALL = YES;
				SWIFT_VERSION = 3.0;
			};
			name = Debug;
		};
		C2C0F1111EC1ADE500017768 /* Release */ = {
			isa = XCBuildConfiguration;
			baseConfigurationReference = 5A97BE847BDA54B8C0B61F28 /* Pods-yanInput.release.xcconfig */;
			buildSettings = {
				DEVELOPMENT_TEAM = 5G97LTLJUY;
				INFOPLIST_FILE = yanInput/Info.plist;
				LD_RUNPATH_SEARCH_PATHS = "$(inherited) @executable_path/Frameworks @executable_path/../../Frameworks";
				PRODUCT_BUNDLE_IDENTIFIER = QX.yanwenzi.yanInput;
				PRODUCT_NAME = "$(TARGET_NAME)";
				SKIP_INSTALL = YES;
				SWIFT_VERSION = 3.0;
			};
			name = Release;
		};
		C2C0F1261EC1AE1B00017768 /* Debug */ = {
			isa = XCBuildConfiguration;
			baseConfigurationReference = 45DFF97B6A3AE6C0169B0101 /* Pods-yanToday.debug.xcconfig */;
			buildSettings = {
				DEVELOPMENT_TEAM = 5G97LTLJUY;
				INFOPLIST_FILE = yanToday/Info.plist;
				LD_RUNPATH_SEARCH_PATHS = "$(inherited) @executable_path/Frameworks @executable_path/../../Frameworks";
				PRODUCT_BUNDLE_IDENTIFIER = QX.yanwenzi.yanToday;
				PRODUCT_NAME = "$(TARGET_NAME)";
				SKIP_INSTALL = YES;
				SWIFT_VERSION = 3.0;
			};
			name = Debug;
		};
		C2C0F1271EC1AE1B00017768 /* Release */ = {
			isa = XCBuildConfiguration;
			baseConfigurationReference = 61756FF1EC70F749F6BD765A /* Pods-yanToday.release.xcconfig */;
			buildSettings = {
				DEVELOPMENT_TEAM = 5G97LTLJUY;
				INFOPLIST_FILE = yanToday/Info.plist;
				LD_RUNPATH_SEARCH_PATHS = "$(inherited) @executable_path/Frameworks @executable_path/../../Frameworks";
				PRODUCT_BUNDLE_IDENTIFIER = QX.yanwenzi.yanToday;
				PRODUCT_NAME = "$(TARGET_NAME)";
				SKIP_INSTALL = YES;
				SWIFT_VERSION = 3.0;
			};
			name = Release;
		};
		C2F21F9C1ECC1F83000FCDB9 /* Debug */ = {
			isa = XCBuildConfiguration;
			baseConfigurationReference = 00FB99AD56775EC89E9942F3 /* Pods-YANKit.debug.xcconfig */;
			buildSettings = {
				CLANG_ENABLE_MODULES = YES;
				CODE_SIGN_IDENTITY = "";
				CURRENT_PROJECT_VERSION = 1;
				DEFINES_MODULE = YES;
				DEVELOPMENT_TEAM = 5G97LTLJUY;
				DYLIB_COMPATIBILITY_VERSION = 1;
				DYLIB_CURRENT_VERSION = 1;
				DYLIB_INSTALL_NAME_BASE = "@rpath";
				INFOPLIST_FILE = YANKit/Info.plist;
				INSTALL_PATH = "$(LOCAL_LIBRARY_DIR)/Frameworks";
				LD_RUNPATH_SEARCH_PATHS = "$(inherited) @executable_path/Frameworks @loader_path/Frameworks";
				PRODUCT_BUNDLE_IDENTIFIER = QX.YANKit;
				PRODUCT_NAME = "$(TARGET_NAME)";
				SKIP_INSTALL = YES;
				SWIFT_OPTIMIZATION_LEVEL = "-Onone";
				SWIFT_VERSION = 3.0;
				VERSIONING_SYSTEM = "apple-generic";
				VERSION_INFO_PREFIX = "";
			};
			name = Debug;
		};
		C2F21F9D1ECC1F83000FCDB9 /* Release */ = {
			isa = XCBuildConfiguration;
			baseConfigurationReference = 2F94FA7C018691E17934A3E5 /* Pods-YANKit.release.xcconfig */;
			buildSettings = {
				CLANG_ENABLE_MODULES = YES;
				CODE_SIGN_IDENTITY = "";
				CURRENT_PROJECT_VERSION = 1;
				DEFINES_MODULE = YES;
				DEVELOPMENT_TEAM = 5G97LTLJUY;
				DYLIB_COMPATIBILITY_VERSION = 1;
				DYLIB_CURRENT_VERSION = 1;
				DYLIB_INSTALL_NAME_BASE = "@rpath";
				INFOPLIST_FILE = YANKit/Info.plist;
				INSTALL_PATH = "$(LOCAL_LIBRARY_DIR)/Frameworks";
				LD_RUNPATH_SEARCH_PATHS = "$(inherited) @executable_path/Frameworks @loader_path/Frameworks";
				PRODUCT_BUNDLE_IDENTIFIER = QX.YANKit;
				PRODUCT_NAME = "$(TARGET_NAME)";
				SKIP_INSTALL = YES;
				SWIFT_VERSION = 3.0;
				VERSIONING_SYSTEM = "apple-generic";
				VERSION_INFO_PREFIX = "";
			};
			name = Release;
		};
		C2F21FA01ECC1F83000FCDB9 /* Debug */ = {
			isa = XCBuildConfiguration;
			buildSettings = {
				ALWAYS_EMBED_SWIFT_STANDARD_LIBRARIES = YES;
				DEVELOPMENT_TEAM = 5G97LTLJUY;
				INFOPLIST_FILE = YANKitTests/Info.plist;
				LD_RUNPATH_SEARCH_PATHS = "$(inherited) @executable_path/Frameworks @loader_path/Frameworks";
				PRODUCT_BUNDLE_IDENTIFIER = QX.YANKitTests;
				PRODUCT_NAME = "$(TARGET_NAME)";
				TEST_HOST = "$(BUILT_PRODUCTS_DIR)/yanwenzi.app/yanwenzi";
			};
			name = Debug;
		};
		C2F21FA11ECC1F83000FCDB9 /* Release */ = {
			isa = XCBuildConfiguration;
			buildSettings = {
				ALWAYS_EMBED_SWIFT_STANDARD_LIBRARIES = YES;
				DEVELOPMENT_TEAM = 5G97LTLJUY;
				INFOPLIST_FILE = YANKitTests/Info.plist;
				LD_RUNPATH_SEARCH_PATHS = "$(inherited) @executable_path/Frameworks @loader_path/Frameworks";
				PRODUCT_BUNDLE_IDENTIFIER = QX.YANKitTests;
				PRODUCT_NAME = "$(TARGET_NAME)";
				TEST_HOST = "$(BUILT_PRODUCTS_DIR)/yanwenzi.app/yanwenzi";
			};
			name = Release;
		};
/* End XCBuildConfiguration section */

/* Begin XCConfigurationList section */
		C29CE2211EC0AEF700BB505C /* Build configuration list for PBXProject "yanwenzi" */ = {
			isa = XCConfigurationList;
			buildConfigurations = (
				C29CE24C1EC0AEF700BB505C /* Debug */,
				C29CE24D1EC0AEF700BB505C /* Release */,
			);
			defaultConfigurationIsVisible = 0;
			defaultConfigurationName = Release;
		};
		C29CE24E1EC0AEF700BB505C /* Build configuration list for PBXNativeTarget "yanwenzi" */ = {
			isa = XCConfigurationList;
			buildConfigurations = (
				C29CE24F1EC0AEF700BB505C /* Debug */,
				C29CE2501EC0AEF700BB505C /* Release */,
			);
			defaultConfigurationIsVisible = 0;
			defaultConfigurationName = Release;
		};
		C29CE2511EC0AEF700BB505C /* Build configuration list for PBXNativeTarget "yanwenziTests" */ = {
			isa = XCConfigurationList;
			buildConfigurations = (
				C29CE2521EC0AEF700BB505C /* Debug */,
				C29CE2531EC0AEF700BB505C /* Release */,
			);
			defaultConfigurationIsVisible = 0;
			defaultConfigurationName = Release;
		};
		C29CE2541EC0AEF700BB505C /* Build configuration list for PBXNativeTarget "yanwenziUITests" */ = {
			isa = XCConfigurationList;
			buildConfigurations = (
				C29CE2551EC0AEF700BB505C /* Debug */,
				C29CE2561EC0AEF700BB505C /* Release */,
			);
			defaultConfigurationIsVisible = 0;
			defaultConfigurationName = Release;
		};
		C2C0F1121EC1ADE500017768 /* Build configuration list for PBXNativeTarget "yanInput" */ = {
			isa = XCConfigurationList;
			buildConfigurations = (
				C2C0F1101EC1ADE500017768 /* Debug */,
				C2C0F1111EC1ADE500017768 /* Release */,
			);
			defaultConfigurationIsVisible = 0;
			defaultConfigurationName = Release;
		};
		C2C0F1251EC1AE1B00017768 /* Build configuration list for PBXNativeTarget "yanToday" */ = {
			isa = XCConfigurationList;
			buildConfigurations = (
				C2C0F1261EC1AE1B00017768 /* Debug */,
				C2C0F1271EC1AE1B00017768 /* Release */,
			);
			defaultConfigurationIsVisible = 0;
			defaultConfigurationName = Release;
		};
		C2F21F9B1ECC1F83000FCDB9 /* Build configuration list for PBXNativeTarget "YANKit" */ = {
			isa = XCConfigurationList;
			buildConfigurations = (
				C2F21F9C1ECC1F83000FCDB9 /* Debug */,
				C2F21F9D1ECC1F83000FCDB9 /* Release */,
			);
			defaultConfigurationIsVisible = 0;
			defaultConfigurationName = Release;
		};
		C2F21F9F1ECC1F83000FCDB9 /* Build configuration list for PBXNativeTarget "YANKitTests" */ = {
			isa = XCConfigurationList;
			buildConfigurations = (
				C2F21FA01ECC1F83000FCDB9 /* Debug */,
				C2F21FA11ECC1F83000FCDB9 /* Release */,
			);
			defaultConfigurationIsVisible = 0;
			defaultConfigurationName = Release;
		};
/* End XCConfigurationList section */
	};
	rootObject = C29CE21E1EC0AEF700BB505C /* Project object */;
}
